
Microsoft Visual Studio Solution File, Format Version 12.00
# Visual Studio 15
VisualStudioVersion = 15.0.27428.2002
MinimumVisualStudioVersion = 10.0.40219.1
Project("{8BC9CEB8-8B4A-11D0-8D11-00A0C91BC942}") = "serial-send-to-arduino", "serial-send-to-arduino\serial-send-to-arduino.vcxproj", "{D4A2ED95-CD7F-43D0-B82E-103756FB9500}"
EndProject
Project("{8BC9CEB8-8B4A-11D0-8D11-00A0C91BC942}") = "serial-recieve-from-arduino", "serial-recieve-from-arduino\serial-recieve-from-arduino.vcxproj", "{C002F7CF-D8A2-48D5-A49E-9B501B9034FF}"
EndProject
Global
	GlobalSection(SolutionConfigurationPlatforms) = preSolution
		Debug|x64 = Debug|x64
		Debug|x86 = Debug|x86
		Release|x64 = Release|x64
		Release|x86 = Release|x86
	EndGlobalSection
	GlobalSection(ProjectConfigurationPlatforms) = postSolution
		{D4A2ED95-CD7F-43D0-B82E-103756FB9500}.Debug|x64.ActiveCfg = Debug|x64
		{D4A2ED95-CD7F-43D0-B82E-103756FB9500}.Debug|x64.Build.0 = Debug|x64
		{D4A2ED95-CD7F-43D0-B82E-103756FB9500}.Debug|x86.ActiveCfg = Debug|Win32
		{D4A2ED95-CD7F-43D0-B82E-103756FB9500}.Debug|x86.Build.0 = Debug|Win32
		{D4A2ED95-CD7F-43D0-B82E-103756FB9500}.Release|x64.ActiveCfg = Release|x64
		{D4A2ED95-CD7F-43D0-B82E-103756FB9500}.Release|x64.Build.0 = Release|x64
		{D4A2ED95-CD7F-43D0-B82E-103756FB9500}.Release|x86.ActiveCfg = Release|Win32
		{D4A2ED95-CD7F-43D0-B82E-103756FB9500}.Release|x86.Build.0 = Release|Win32
		{C002F7CF-D8A2-48D5-A49E-9B501B9034FF}.Debug|x64.ActiveCfg = Debug|x64
		{C002F7CF-D8A2-48D5-A49E-9B501B9034FF}.Debug|x64.Build.0 = Debug|x64
		{C002F7CF-D8A2-48D5-A49E-9B501B9034FF}.Debug|x86.ActiveCfg = Debug|Win32
		{C002F7CF-D8A2-48D5-A49E-9B501B9034FF}.Debug|x86.Build.0 = Debug|Win32
		{C002F7CF-D8A2-48D5-A49E-9B501B9034FF}.Release|x64.ActiveCfg = Release|x64
		{C002F7CF-D8A2-48D5-A49E-9B501B9034FF}.Release|x64.Build.0 = Release|x64
		{C002F7CF-D8A2-48D5-A49E-9B501B9034FF}.Release|x86.ActiveCfg = Release|Win32
		{C002F7CF-D8A2-48D5-A49E-9B501B9034FF}.Release|x86.Build.0 = Release|Win32
	EndGlobalSection
	GlobalSection(SolutionProperties) = preSolution
		HideSolutionNode = FALSE
	EndGlobalSection
	GlobalSection(ExtensibilityGlobals) = postSolution
		SolutionGuid = {739148AD-D1BA-494D-8FD5-EA0402520188}
	EndGlobalSection
EndGlobal
